
Microsoft Visual Studio Solution File, Format Version 12.00
# Visual Studio Version 16
VisualStudioVersion = 16.0.33927.289
MinimumVisualStudioVersion = 10.0.40219.1
Project("{888888A0-9F3D-457C-B088-3A5042F75D52}") = "easyAccounting", "easyAccounting.pyproj", "{6C148DA7-CEF6-4490-8A65-52D2C91BB86A}"
EndProject
Global
	GlobalSection(SolutionConfigurationPlatforms) = preSolution
		Debug|Any CPU = Debug|Any CPU
		Release|Any CPU = Release|Any CPU
	EndGlobalSection
	GlobalSection(ProjectConfigurationPlatforms) = postSolution
		{6C148DA7-CEF6-4490-8A65-52D2C91BB86A}.Debug|Any CPU.ActiveCfg = Debug|Any CPU
		{6C148DA7-CEF6-4490-8A65-52D2C91BB86A}.Release|Any CPU.ActiveCfg = Release|Any CPU
	EndGlobalSection
	GlobalSection(SolutionProperties) = preSolution
		HideSolutionNode = FALSE
	EndGlobalSection
	GlobalSection(ExtensibilityGlobals) = postSolution
		SolutionGuid = {D2B728A6-1D4D-4A05-A21F-CCE8FA2E394C}
	EndGlobalSection
EndGlobal
